{
  "name": "messageOrganizer",
  "lockfileVersion": 3,
  "requires": true,
  "packages": {
    "": {
      "dependencies": {
        "exiftool-vendored": "^38.1.0"
      }
    },
    "node_modules/@photostructure/tz-lookup": {
      "version": "11.7.0",
      "resolved": "https://registry.npmjs.org/@photostructure/tz-lookup/-/tz-lookup-11.7.0.tgz",
      "integrity": "sha512-QbKHXvleluMIlAHf2JiQTJNU5rLQBeQhLobyRqgXZ6NNGKqNikaRkjYviJ4nMU7Y75QE7bBYM8xjiFGjAukyhw==",
      "license": "CC0-1.0"
    },
    "node_modules/@types/luxon": {
      "version": "3.7.5",
      "resolved": "https://registry.npmjs.org/@types/luxon/-/luxon-3.7.5.tgz",
      "integrity": "sha512-jJ41Q4z6ZVO260MNDdHfW7+7a5iMiX8Mr6ZJHcmgrvhZha6dz5704o/lF2kKl6URjH6ivEL97w9xS/MgpJEphg==",
      "license": "MIT"
    },
    "node_modules/batch-cluster": {
      "version": "19.2.0",
      "resolved": "https://registry.npmjs.org/batch-cluster/-/batch-cluster-19.2.0.tgz",
      "integrity": "sha512-mvozaN/7TYxl+lmXDYH+HocCcRMvW25QmghrJux2y93o+NhHPQ4wir0nBS1p8oTlinjc/l5LaNX+VFxNISrqgQ==",
      "license": "MIT",
      "engines": {
        "node": ">=22"
      }
    },
    "node_modules/exiftool-vendored": {
      "version": "38.1.0",
      "resolved": "https://registry.npmjs.org/exiftool-vendored/-/exiftool-vendored-38.1.0.tgz",
      "integrity": "sha512-LIERqM/Qb0oqJlSswLFKWsxGVH81skp7omsX2BPKA/dEzfLP5syNO5KL7k5UlMCf+m0jqEXrKTQr/xV5vScPow==",
      "license": "MIT",
      "dependencies": {
        "@photostructure/tz-lookup": "^11.7.0",
        "@types/luxon": "^3.7.5",
        "batch-cluster": "^19.2.0",
        "he": "^1.2.0",
        "luxon": "^3.7.2"
      },
      "engines": {
        "node": ">=22"
      },
      "optionalDependencies": {
        "exiftool-vendored.exe": "13.59.2",
        "exiftool-vendored.pl": "13.59.2"
      }
    },
    "node_modules/exiftool-vendored.exe": {
      "version": "13.59.2",
      "resolved": "https://registry.npmjs.org/exiftool-vendored.exe/-/exiftool-vendored.exe-13.59.2.tgz",
      "integrity": "sha512-U0l0CApIGO+AjpFYCiNCApQsMdlf6sqCyEl4wlKKqvwVAEVcvMRw91k7zj32OPFZE+/+XlLFsc6876MpOqBLiw==",
      "license": "MIT",
      "optional": true,
      "os": [
        "win32"
      ]
    },
    "node_modules/exiftool-vendored.pl": {
      "version": "13.59.2",
      "resolved": "https://registry.npmjs.org/exiftool-vendored.pl/-/exiftool-vendored.pl-13.59.2.tgz",
      "integrity": "sha512-5B80JT9phZSUsc7zz77rQ6DfW0YssTpJ5qW/1bOH1N8XQq/jcn+9eRW9HFwhVT9uoIliw9Fg007ST3pUzQIzyw==",
      "license": "MIT",
      "optional": true,
      "os": [
        "!win32"
      ],
      "bin": {
        "exiftool": "bin/exiftool"
      }
    },
    "node_modules/he": {
      "version": "1.2.0",
      "resolved": "https://registry.npmjs.org/he/-/he-1.2.0.tgz",
      "integrity": "sha512-F/1DnUGPopORZi0ni+CvrCgHQ5FyEAHRLSApuYWMmrbSwoN2Mn/7k+Gl38gJnR7yyDZk6WLXwiGod1JOWNDKGw==",
      "license": "MIT",
      "bin": {
        "he": "bin/he"
      }
    },
    "node_modules/luxon": {
      "version": "3.7.2",
      "resolved": "https://registry.npmjs.org/luxon/-/luxon-3.7.2.tgz",
      "integrity": "sha512-vtEhXh/gNjI9Yg1u4jX/0YVPMvxzHuGgCm6tC5kZyb08yjGWGnqAjGJvcXbqQR2P3MyMEFnRbpcdFS6PBcLqew==",
      "license": "MIT",
      "engines": {
        "node": ">=12"
      }
    }
  }
}
